
Microsoft Visual Studio Solution File, Format Version 12.00
# Visual Studio Version 17
VisualStudioVersion = 17.9.34714.143
MinimumVisualStudioVersion = 10.0.40219.1
Project("{FAE04EC0-301F-11D3-BF4B-00C04F79EFBC}") = "ADO.NET Spotify", "ADO.NET Spotify\ADO.NET Spotify.csproj", "{245F5776-7976-4ACE-A844-F4A252BA349B}"
EndProject
Global
	GlobalSection(SolutionConfigurationPlatforms) = preSolution
		Debug|Any CPU = Debug|Any CPU
		Release|Any CPU = Release|Any CPU
	EndGlobalSection
	GlobalSection(ProjectConfigurationPlatforms) = postSolution
		{245F5776-7976-4ACE-A844-F4A252BA349B}.Debug|Any CPU.ActiveCfg = Debug|Any CPU
		{245F5776-7976-4ACE-A844-F4A252BA349B}.Debug|Any CPU.Build.0 = Debug|Any CPU
		{245F5776-7976-4ACE-A844-F4A252BA349B}.Release|Any CPU.ActiveCfg = Release|Any CPU
		{245F5776-7976-4ACE-A844-F4A252BA349B}.Release|Any CPU.Build.0 = Release|Any CPU
	EndGlobalSection
	GlobalSection(SolutionProperties) = preSolution
		HideSolutionNode = FALSE
	EndGlobalSection
	GlobalSection(ExtensibilityGlobals) = postSolution
		SolutionGuid = {23D3414D-1D08-4786-B350-C9AD07E2FAE5}
	EndGlobalSection
EndGlobal
